// !$*UTF8*$!
{
	archiveVersion = 1;
	classes = {
	};
	objectVersion = 46;
	objects = {

/* Begin PBXBuildFile section */
		2E2D47FC14E1B57000EFD448 /* WAPodState.m in Sources */ = {isa = PBXBuildFile; fileRef = 2E2D47FB14E1B57000EFD448 /* WAPodState.m */; };
		2E2D47FF14E1B58C00EFD448 /* WAPodStateList.m in Sources */ = {isa = PBXBuildFile; fileRef = 2E2D47FE14E1B58C00EFD448 /* WAPodStateList.m */; };
		2E2D480314E1BBB000EFD448 /* WAModel.m in Sources */ = {isa = PBXBuildFile; fileRef = 2E2D480214E1BBB000EFD448 /* WAModel.m */; };
		FA2DE1E014E338A100CF7DA3 /* WAController.m in Sources */ = {isa = PBXBuildFile; fileRef = FA2DE1DF14E338A100CF7DA3 /* WAController.m */; };
		FA2DE1E414E338EF00CF7DA3 /* WAView.m in Sources */ = {isa = PBXBuildFile; fileRef = FA2DE1E314E338EF00CF7DA3 /* WAView.m */; };
		FA2DE1F014E364B400CF7DA3 /* WASearchCell.m in Sources */ = {isa = PBXBuildFile; fileRef = FA2DE1EF14E364B400CF7DA3 /* WASearchCell.m */; };
		FA5D8EEC14DDBB7A006C2F43 /* NSString+URLCode.m in Sources */ = {isa = PBXBuildFile; fileRef = FA5D8EE214DDBB7A006C2F43 /* NSString+URLCode.m */; };
		FA5D8EED14DDBB7A006C2F43 /* WAMutableRequest.m in Sources */ = {isa = PBXBuildFile; fileRef = FA5D8EE514DDBB7A006C2F43 /* WAMutableRequest.m */; };
		FA5D8EEE14DDBB7A006C2F43 /* WARequest.m in Sources */ = {isa = PBXBuildFile; fileRef = FA5D8EE714DDBB7A006C2F43 /* WARequest.m */; };
		FA5D8F1614DDC494006C2F43 /* WAXMLDocument.m in Sources */ = {isa = PBXBuildFile; fileRef = FA5D8F0F14DDC494006C2F43 /* WAXMLDocument.m */; };
		FA5D8F1714DDC494006C2F43 /* WAXMLElement.m in Sources */ = {isa = PBXBuildFile; fileRef = FA5D8F1114DDC494006C2F43 /* WAXMLElement.m */; };
		FA5D8F1814DDC494006C2F43 /* WAXMLNode.m in Sources */ = {isa = PBXBuildFile; fileRef = FA5D8F1314DDC494006C2F43 /* WAXMLNode.m */; };
		FA5D8F1914DDC494006C2F43 /* WAXMLText.m in Sources */ = {isa = PBXBuildFile; fileRef = FA5D8F1514DDC494006C2F43 /* WAXMLText.m */; };
		FA5D8F1C14DDC4A6006C2F43 /* WAResponse.m in Sources */ = {isa = PBXBuildFile; fileRef = FA5D8F1B14DDC4A6006C2F43 /* WAResponse.m */; };
		FA87E44014E203F90062BF06 /* WAModelQuery.m in Sources */ = {isa = PBXBuildFile; fileRef = FA87E43F14E203F90062BF06 /* WAModelQuery.m */; };
		FA87E44414E207B10062BF06 /* NSError+Message.m in Sources */ = {isa = PBXBuildFile; fileRef = FA87E44314E207B10062BF06 /* NSError+Message.m */; };
		FA87E44714E2095C0062BF06 /* WAModelPodQuery.m in Sources */ = {isa = PBXBuildFile; fileRef = FA87E44614E2095C0062BF06 /* WAModelPodQuery.m */; };
		FA87E44A14E20A290062BF06 /* WAModelRequest.m in Sources */ = {isa = PBXBuildFile; fileRef = FA87E44914E20A280062BF06 /* WAModelRequest.m */; };
		FA93400114E5C9B1008B3DC1 /* WAAssumption.m in Sources */ = {isa = PBXBuildFile; fileRef = FA933FFE14E5C9B1008B3DC1 /* WAAssumption.m */; };
		FA93400214E5C9B1008B3DC1 /* WAAssumptionValue.m in Sources */ = {isa = PBXBuildFile; fileRef = FA93400014E5C9B1008B3DC1 /* WAAssumptionValue.m */; };
		FA93400614E5CB6C008B3DC1 /* WAEventManager.m in Sources */ = {isa = PBXBuildFile; fileRef = FA93400514E5CB6C008B3DC1 /* WAEventManager.m */; };
		FA93400914E5CB77008B3DC1 /* WAEvent.m in Sources */ = {isa = PBXBuildFile; fileRef = FA93400814E5CB77008B3DC1 /* WAEvent.m */; };
		FA93401A14E5F446008B3DC1 /* WAImage.m in Sources */ = {isa = PBXBuildFile; fileRef = FA93401914E5F445008B3DC1 /* WAImage.m */; };
		FAB348BA14E6C077003AF9A4 /* WAScrollState.m in Sources */ = {isa = PBXBuildFile; fileRef = FAB348B914E6C077003AF9A4 /* WAScrollState.m */; };
		FAB3490F14E6F1C2003AF9A4 /* WAViewItem.m in Sources */ = {isa = PBXBuildFile; fileRef = FAB3490B14E6F1C2003AF9A4 /* WAViewItem.m */; };
		FAB3491014E6F1C2003AF9A4 /* WAViewItemCell.m in Sources */ = {isa = PBXBuildFile; fileRef = FAB3490C14E6F1C2003AF9A4 /* WAViewItemCell.m */; };
		FAB3491C14E701F9003AF9A4 /* WAImageView.m in Sources */ = {isa = PBXBuildFile; fileRef = FAB3491714E701F9003AF9A4 /* WAImageView.m */; };
		FAB3491D14E701F9003AF9A4 /* WASubPodView.m in Sources */ = {isa = PBXBuildFile; fileRef = FAB3491914E701F9003AF9A4 /* WASubPodView.m */; };
		FAB3491E14E701F9003AF9A4 /* WAPodCell.m in Sources */ = {isa = PBXBuildFile; fileRef = FAB3491B14E701F9003AF9A4 /* WAPodCell.m */; };
		FAB3492714E71730003AF9A4 /* WAAssumptionsCell.m in Sources */ = {isa = PBXBuildFile; fileRef = FAB3492614E7172F003AF9A4 /* WAAssumptionsCell.m */; };
		FAB3492D14E7370B003AF9A4 /* WARequestAssumption.m in Sources */ = {isa = PBXBuildFile; fileRef = FAB3492C14E7370B003AF9A4 /* WARequestAssumption.m */; };
		FAB70C3A14E9DBD9002F74DE /* WAErrorCell.m in Sources */ = {isa = PBXBuildFile; fileRef = FAB70C3814E9DBD9002F74DE /* WAErrorCell.m */; };
		FAB70C4C14E9E582002F74DE /* ANTextFrame.m in Sources */ = {isa = PBXBuildFile; fileRef = FAB70C4714E9E582002F74DE /* ANTextFrame.m */; };
		FAB70C4D14E9E582002F74DE /* ANTextLine.m in Sources */ = {isa = PBXBuildFile; fileRef = FAB70C4914E9E582002F74DE /* ANTextLine.m */; };
		FAB70C4E14E9E582002F74DE /* CFAttributedStringHeight.m in Sources */ = {isa = PBXBuildFile; fileRef = FAB70C4B14E9E582002F74DE /* CFAttributedStringHeight.m */; };
		FAD3B36F14E8612E00654BDB /* WAAssumptionView.m in Sources */ = {isa = PBXBuildFile; fileRef = FAD3B36E14E8612E00654BDB /* WAAssumptionView.m */; };
		FAD3B37514E8619D00654BDB /* WAViewRestraints.m in Sources */ = {isa = PBXBuildFile; fileRef = FAD3B37414E8619D00654BDB /* WAViewRestraints.m */; };
		FAD3B37E14E86D1600654BDB /* WAAssumpViewInclude.m in Sources */ = {isa = PBXBuildFile; fileRef = FAD3B37814E86D1600654BDB /* WAAssumpViewInclude.m */; };
		FAD3B37F14E86D1600654BDB /* WAAssumpViewInput.m in Sources */ = {isa = PBXBuildFile; fileRef = FAD3B37914E86D1600654BDB /* WAAssumpViewInput.m */; };
		FAD3B38114E86D7300654BDB /* WAAssumpViewPicker.m in Sources */ = {isa = PBXBuildFile; fileRef = FAD3B38014E86D7300654BDB /* WAAssumpViewPicker.m */; };
		FAE03F2914DE253D008E7023 /* WAPod.m in Sources */ = {isa = PBXBuildFile; fileRef = FAE03F2614DE253D008E7023 /* WAPod.m */; };
		FAE03F2A14DE253D008E7023 /* WASubPod.m in Sources */ = {isa = PBXBuildFile; fileRef = FAE03F2814DE253D008E7023 /* WASubPod.m */; };
		FAE03F2D14DE2574008E7023 /* WAPlainText.m in Sources */ = {isa = PBXBuildFile; fileRef = FAE03F2C14DE2574008E7023 /* WAPlainText.m */; };
		FAE8C50B14DD97FD003DEC2A /* Cocoa.framework in Frameworks */ = {isa = PBXBuildFile; fileRef = FAE8C50A14DD97FD003DEC2A /* Cocoa.framework */; };
		FAE8C51514DD97FD003DEC2A /* InfoPlist.strings in Resources */ = {isa = PBXBuildFile; fileRef = FAE8C51314DD97FD003DEC2A /* InfoPlist.strings */; };
		FAE8C51714DD97FD003DEC2A /* main.m in Sources */ = {isa = PBXBuildFile; fileRef = FAE8C51614DD97FD003DEC2A /* main.m */; };
		FAE8C51B14DD97FD003DEC2A /* Credits.rtf in Resources */ = {isa = PBXBuildFile; fileRef = FAE8C51914DD97FD003DEC2A /* Credits.rtf */; };
		FAE8C51E14DD97FD003DEC2A /* WAAppDelegate.m in Sources */ = {isa = PBXBuildFile; fileRef = FAE8C51D14DD97FD003DEC2A /* WAAppDelegate.m */; };
		FAE8C52114DD97FD003DEC2A /* MainMenu.xib in Resources */ = {isa = PBXBuildFile; fileRef = FAE8C51F14DD97FD003DEC2A /* MainMenu.xib */; };
/* End PBXBuildFile section */

/* Begin PBXFileReference section */
		2E2D47FA14E1B57000EFD448 /* WAPodState.h */ = {isa = PBXFileReference; fileEncoding = 4; lastKnownFileType = sourcecode.c.h; path = WAPodState.h; sourceTree = "<group>"; };
		2E2D47FB14E1B57000EFD448 /* WAPodState.m */ = {isa = PBXFileReference; fileEncoding = 4; lastKnownFileType = sourcecode.c.objc; path = WAPodState.m; sourceTree = "<group>"; };
		2E2D47FD14E1B58C00EFD448 /* WAPodStateList.h */ = {isa = PBXFileReference; fileEncoding = 4; lastKnownFileType = sourcecode.c.h; path = WAPodStateList.h; sourceTree = "<group>"; };
		2E2D47FE14E1B58C00EFD448 /* WAPodStateList.m */ = {isa = PBXFileReference; fileEncoding = 4; lastKnownFileType = sourcecode.c.objc; path = WAPodStateList.m; sourceTree = "<group>"; };
		2E2D480114E1BBB000EFD448 /* WAModel.h */ = {isa = PBXFileReference; fileEncoding = 4; lastKnownFileType = sourcecode.c.h; path = WAModel.h; sourceTree = "<group>"; };
		2E2D480214E1BBB000EFD448 /* WAModel.m */ = {isa = PBXFileReference; fileEncoding = 4; lastKnownFileType = sourcecode.c.objc; path = WAModel.m; sourceTree = "<group>"; };
		FA2DE1DE14E338A100CF7DA3 /* WAController.h */ = {isa = PBXFileReference; fileEncoding = 4; lastKnownFileType = sourcecode.c.h; path = WAController.h; sourceTree = "<group>"; };
		FA2DE1DF14E338A100CF7DA3 /* WAController.m */ = {isa = PBXFileReference; fileEncoding = 4; lastKnownFileType = sourcecode.c.objc; path = WAController.m; sourceTree = "<group>"; };
		FA2DE1E214E338EF00CF7DA3 /* WAView.h */ = {isa = PBXFileReference; fileEncoding = 4; lastKnownFileType = sourcecode.c.h; path = WAView.h; sourceTree = "<group>"; };
		FA2DE1E314E338EF00CF7DA3 /* WAView.m */ = {isa = PBXFileReference; fileEncoding = 4; lastKnownFileType = sourcecode.c.objc; path = WAView.m; sourceTree = "<group>"; };
		FA2DE1EE14E364B400CF7DA3 /* WASearchCell.h */ = {isa = PBXFileReference; fileEncoding = 4; lastKnownFileType = sourcecode.c.h; path = WASearchCell.h; sourceTree = "<group>"; };
		FA2DE1EF14E364B400CF7DA3 /* WASearchCell.m */ = {isa = PBXFileReference; fileEncoding = 4; lastKnownFileType = sourcecode.c.objc; path = WASearchCell.m; sourceTree = "<group>"; };
		FA5D8EE114DDBB7A006C2F43 /* NSString+URLCode.h */ = {isa = PBXFileReference; fileEncoding = 4; lastKnownFileType = sourcecode.c.h; path = "NSString+URLCode.h"; sourceTree = "<group>"; };
		FA5D8EE214DDBB7A006C2F43 /* NSString+URLCode.m */ = {isa = PBXFileReference; fileEncoding = 4; lastKnownFileType = sourcecode.c.objc; path = "NSString+URLCode.m"; sourceTree = "<group>"; };
		FA5D8EE414DDBB7A006C2F43 /* WAMutableRequest.h */ = {isa = PBXFileReference; fileEncoding = 4; lastKnownFileType = sourcecode.c.h; path = WAMutableRequest.h; sourceTree = "<group>"; };
		FA5D8EE514DDBB7A006C2F43 /* WAMutableRequest.m */ = {isa = PBXFileReference; fileEncoding = 4; lastKnownFileType = sourcecode.c.objc; path = WAMutableRequest.m; sourceTree = "<group>"; };
		FA5D8EE614DDBB7A006C2F43 /* WARequest.h */ = {isa = PBXFileReference; fileEncoding = 4; lastKnownFileType = sourcecode.c.h; path = WARequest.h; sourceTree = "<group>"; };
		FA5D8EE714DDBB7A006C2F43 /* WARequest.m */ = {isa = PBXFileReference; fileEncoding = 4; lastKnownFileType = sourcecode.c.objc; path = WARequest.m; sourceTree = "<group>"; };
		FA5D8F0E14DDC494006C2F43 /* WAXMLDocument.h */ = {isa = PBXFileReference; fileEncoding = 4; lastKnownFileType = sourcecode.c.h; path = WAXMLDocument.h; sourceTree = "<group>"; };
		FA5D8F0F14DDC494006C2F43 /* WAXMLDocument.m */ = {isa = PBXFileReference; fileEncoding = 4; lastKnownFileType = sourcecode.c.objc; path = WAXMLDocument.m; sourceTree = "<group>"; };
		FA5D8F1014DDC494006C2F43 /* WAXMLElement.h */ = {isa = PBXFileReference; fileEncoding = 4; lastKnownFileType = sourcecode.c.h; path = WAXMLElement.h; sourceTree = "<group>"; };
		FA5D8F1114DDC494006C2F43 /* WAXMLElement.m */ = {isa = PBXFileReference; fileEncoding = 4; lastKnownFileType = sourcecode.c.objc; path = WAXMLElement.m; sourceTree = "<group>"; };
		FA5D8F1214DDC494006C2F43 /* WAXMLNode.h */ = {isa = PBXFileReference; fileEncoding = 4; lastKnownFileType = sourcecode.c.h; path = WAXMLNode.h; sourceTree = "<group>"; };
		FA5D8F1314DDC494006C2F43 /* WAXMLNode.m */ = {isa = PBXFileReference; fileEncoding = 4; lastKnownFileType = sourcecode.c.objc; path = WAXMLNode.m; sourceTree = "<group>"; };
		FA5D8F1414DDC494006C2F43 /* WAXMLText.h */ = {isa = PBXFileReference; fileEncoding = 4; lastKnownFileType = sourcecode.c.h; path = WAXMLText.h; sourceTree = "<group>"; };
		FA5D8F1514DDC494006C2F43 /* WAXMLText.m */ = {isa = PBXFileReference; fileEncoding = 4; lastKnownFileType = sourcecode.c.objc; path = WAXMLText.m; sourceTree = "<group>"; };
		FA5D8F1A14DDC4A6006C2F43 /* WAResponse.h */ = {isa = PBXFileReference; fileEncoding = 4; lastKnownFileType = sourcecode.c.h; path = WAResponse.h; sourceTree = "<group>"; };
		FA5D8F1B14DDC4A6006C2F43 /* WAResponse.m */ = {isa = PBXFileReference; fileEncoding = 4; lastKnownFileType = sourcecode.c.objc; path = WAResponse.m; sourceTree = "<group>"; };
		FA87E43E14E203F90062BF06 /* WAModelQuery.h */ = {isa = PBXFileReference; fileEncoding = 4; lastKnownFileType = sourcecode.c.h; path = WAModelQuery.h; sourceTree = "<group>"; };
		FA87E43F14E203F90062BF06 /* WAModelQuery.m */ = {isa = PBXFileReference; fileEncoding = 4; lastKnownFileType = sourcecode.c.objc; path = WAModelQuery.m; sourceTree = "<group>"; };
		FA87E44214E207B10062BF06 /* NSError+Message.h */ = {isa = PBXFileReference; fileEncoding = 4; lastKnownFileType = sourcecode.c.h; path = "NSError+Message.h"; sourceTree = "<group>"; };
		FA87E44314E207B10062BF06 /* NSError+Message.m */ = {isa = PBXFileReference; fileEncoding = 4; lastKnownFileType = sourcecode.c.objc; path = "NSError+Message.m"; sourceTree = "<group>"; };
		FA87E44514E2095C0062BF06 /* WAModelPodQuery.h */ = {isa = PBXFileReference; fileEncoding = 4; lastKnownFileType = sourcecode.c.h; path = WAModelPodQuery.h; sourceTree = "<group>"; };
		FA87E44614E2095C0062BF06 /* WAModelPodQuery.m */ = {isa = PBXFileReference; fileEncoding = 4; lastKnownFileType = sourcecode.c.objc; path = WAModelPodQuery.m; sourceTree = "<group>"; };
		FA87E44814E20A280062BF06 /* WAModelRequest.h */ = {isa = PBXFileReference; fileEncoding = 4; lastKnownFileType = sourcecode.c.h; path = WAModelRequest.h; sourceTree = "<group>"; };
		FA87E44914E20A280062BF06 /* WAModelRequest.m */ = {isa = PBXFileReference; fileEncoding = 4; lastKnownFileType = sourcecode.c.objc; path = WAModelRequest.m; sourceTree = "<group>"; };
		FA933FFD14E5C9B1008B3DC1 /* WAAssumption.h */ = {isa = PBXFileReference; fileEncoding = 4; lastKnownFileType = sourcecode.c.h; path = WAAssumption.h; sourceTree = "<group>"; };
		FA933FFE14E5C9B1008B3DC1 /* WAAssumption.m */ = {isa = PBXFileReference; fileEncoding = 4; lastKnownFileType = sourcecode.c.objc; path = WAAssumption.m; sourceTree = "<group>"; };
		FA933FFF14E5C9B1008B3DC1 /* WAAssumptionValue.h */ = {isa = PBXFileReference; fileEncoding = 4; lastKnownFileType = sourcecode.c.h; path = WAAssumptionValue.h; sourceTree = "<group>"; };
		FA93400014E5C9B1008B3DC1 /* WAAssumptionValue.m */ = {isa = PBXFileReference; fileEncoding = 4; lastKnownFileType = sourcecode.c.objc; path = WAAssumptionValue.m; sourceTree = "<group>"; };
		FA93400414E5CB6C008B3DC1 /* WAEventManager.h */ = {isa = PBXFileReference; fileEncoding = 4; lastKnownFileType = sourcecode.c.h; path = WAEventManager.h; sourceTree = "<group>"; };
		FA93400514E5CB6C008B3DC1 /* WAEventManager.m */ = {isa = PBXFileReference; fileEncoding = 4; lastKnownFileType = sourcecode.c.objc; path = WAEventManager.m; sourceTree = "<group>"; };
		FA93400714E5CB77008B3DC1 /* WAEvent.h */ = {isa = PBXFileReference; fileEncoding = 4; lastKnownFileType = sourcecode.c.h; path = WAEvent.h; sourceTree = "<group>"; };
		FA93400814E5CB77008B3DC1 /* WAEvent.m */ = {isa = PBXFileReference; fileEncoding = 4; lastKnownFileType = sourcecode.c.objc; path = WAEvent.m; sourceTree = "<group>"; };
		FA93401814E5F444008B3DC1 /* WAImage.h */ = {isa = PBXFileReference; fileEncoding = 4; lastKnownFileType = sourcecode.c.h; path = WAImage.h; sourceTree = "<group>"; };
		FA93401914E5F445008B3DC1 /* WAImage.m */ = {isa = PBXFileReference; fileEncoding = 4; lastKnownFileType = sourcecode.c.objc; path = WAImage.m; sourceTree = "<group>"; };
		FAB348B814E6C076003AF9A4 /* WAScrollState.h */ = {isa = PBXFileReference; fileEncoding = 4; lastKnownFileType = sourcecode.c.h; path = WAScrollState.h; sourceTree = "<group>"; };
		FAB348B914E6C077003AF9A4 /* WAScrollState.m */ = {isa = PBXFileReference; fileEncoding = 4; lastKnownFileType = sourcecode.c.objc; path = WAScrollState.m; sourceTree = "<group>"; };
		FAB3490B14E6F1C2003AF9A4 /* WAViewItem.m */ = {isa = PBXFileReference; fileEncoding = 4; lastKnownFileType = sourcecode.c.objc; path = WAViewItem.m; sourceTree = "<group>"; };
		FAB3490C14E6F1C2003AF9A4 /* WAViewItemCell.m */ = {isa = PBXFileReference; fileEncoding = 4; lastKnownFileType = sourcecode.c.objc; path = WAViewItemCell.m; sourceTree = "<group>"; };
		FAB3490D14E6F1C2003AF9A4 /* WAViewItem.h */ = {isa = PBXFileReference; fileEncoding = 4; lastKnownFileType = sourcecode.c.h; path = WAViewItem.h; sourceTree = "<group>"; };
		FAB3490E14E6F1C2003AF9A4 /* WAViewItemCell.h */ = {isa = PBXFileReference; fileEncoding = 4; lastKnownFileType = sourcecode.c.h; path = WAViewItemCell.h; sourceTree = "<group>"; };
		FAB3491514E701F9003AF9A4 /* WADataView.h */ = {isa = PBXFileReference; fileEncoding = 4; lastKnownFileType = sourcecode.c.h; path = WADataView.h; sourceTree = "<group>"; };
		FAB3491614E701F9003AF9A4 /* WAImageView.h */ = {isa = PBXFileReference; fileEncoding = 4; lastKnownFileType = sourcecode.c.h; path = WAImageView.h; sourceTree = "<group>"; };
		FAB3491714E701F9003AF9A4 /* WAImageView.m */ = {isa = PBXFileReference; fileEncoding = 4; lastKnownFileType = sourcecode.c.objc; path = WAImageView.m; sourceTree = "<group>"; };
		FAB3491814E701F9003AF9A4 /* WASubPodView.h */ = {isa = PBXFileReference; fileEncoding = 4; lastKnownFileType = sourcecode.c.h; path = WASubPodView.h; sourceTree = "<group>"; };
		FAB3491914E701F9003AF9A4 /* WASubPodView.m */ = {isa = PBXFileReference; fileEncoding = 4; lastKnownFileType = sourcecode.c.objc; path = WASubPodView.m; sourceTree = "<group>"; };
		FAB3491A14E701F9003AF9A4 /* WAPodCell.h */ = {isa = PBXFileReference; fileEncoding = 4; lastKnownFileType = sourcecode.c.h; path = WAPodCell.h; sourceTree = "<group>"; };
		FAB3491B14E701F9003AF9A4 /* WAPodCell.m */ = {isa = PBXFileReference; fileEncoding = 4; lastKnownFileType = sourcecode.c.objc; path = WAPodCell.m; sourceTree = "<group>"; };
		FAB3491F14E7021A003AF9A4 /* WAAssumptionsCell.h */ = {isa = PBXFileReference; fileEncoding = 4; lastKnownFileType = sourcecode.c.h; path = WAAssumptionsCell.h; sourceTree = "<group>"; };
		FAB3492614E7172F003AF9A4 /* WAAssumptionsCell.m */ = {isa = PBXFileReference; fileEncoding = 4; lastKnownFileType = sourcecode.c.objc; path = WAAssumptionsCell.m; sourceTree = "<group>"; };
		FAB3492B14E7370B003AF9A4 /* WARequestAssumption.h */ = {isa = PBXFileReference; fileEncoding = 4; lastKnownFileType = sourcecode.c.h; path = WARequestAssumption.h; sourceTree = "<group>"; };
		FAB3492C14E7370B003AF9A4 /* WARequestAssumption.m */ = {isa = PBXFileReference; fileEncoding = 4; lastKnownFileType = sourcecode.c.objc; path = WARequestAssumption.m; sourceTree = "<group>"; };
		FAB70C3814E9DBD9002F74DE /* WAErrorCell.m */ = {isa = PBXFileReference; fileEncoding = 4; lastKnownFileType = sourcecode.c.objc; path = WAErrorCell.m; sourceTree = "<group>"; };
		FAB70C3914E9DBD9002F74DE /* WAErrorCell.h */ = {isa = PBXFileReference; fileEncoding = 4; lastKnownFileType = sourcecode.c.h; path = WAErrorCell.h; sourceTree = "<group>"; };
		FAB70C4614E9E582002F74DE /* ANTextFrame.h */ = {isa = PBXFileReference; fileEncoding = 4; lastKnownFileType = sourcecode.c.h; path = ANTextFrame.h; sourceTree = "<group>"; };
		FAB70C4714E9E582002F74DE /* ANTextFrame.m */ = {isa = PBXFileReference; fileEncoding = 4; lastKnownFileType = sourcecode.c.objc; path = ANTextFrame.m; sourceTree = "<group>"; };
		FAB70C4814E9E582002F74DE /* ANTextLine.h */ = {isa = PBXFileReference; fileEncoding = 4; lastKnownFileType = sourcecode.c.h; path = ANTextLine.h; sourceTree = "<group>"; };
		FAB70C4914E9E582002F74DE /* ANTextLine.m */ = {isa = PBXFileReference; fileEncoding = 4; lastKnownFileType = sourcecode.c.objc; path = ANTextLine.m; sourceTree = "<group>"; };
		FAB70C4A14E9E582002F74DE /* CFAttributedStringHeight.h */ = {isa = PBXFileReference; fileEncoding = 4; lastKnownFileType = sourcecode.c.h; path = CFAttributedStringHeight.h; sourceTree = "<group>"; };
		FAB70C4B14E9E582002F74DE /* CFAttributedStringHeight.m */ = {isa = PBXFileReference; fileEncoding = 4; lastKnownFileType = sourcecode.c.objc; path = CFAttributedStringHeight.m; sourceTree = "<group>"; };
		FAD3B36D14E8612E00654BDB /* WAAssumptionView.h */ = {isa = PBXFileReference; fileEncoding = 4; lastKnownFileType = sourcecode.c.h; path = WAAssumptionView.h; sourceTree = "<group>"; };
		FAD3B36E14E8612E00654BDB /* WAAssumptionView.m */ = {isa = PBXFileReference; fileEncoding = 4; lastKnownFileType = sourcecode.c.objc; path = WAAssumptionView.m; sourceTree = "<group>"; };
		FAD3B37314E8619D00654BDB /* WAViewRestraints.h */ = {isa = PBXFileReference; fileEncoding = 4; lastKnownFileType = sourcecode.c.h; path = WAViewRestraints.h; sourceTree = "<group>"; };
		FAD3B37414E8619D00654BDB /* WAViewRestraints.m */ = {isa = PBXFileReference; fileEncoding = 4; lastKnownFileType = sourcecode.c.objc; path = WAViewRestraints.m; sourceTree = "<group>"; };
		FAD3B37814E86D1600654BDB /* WAAssumpViewInclude.m */ = {isa = PBXFileReference; fileEncoding = 4; lastKnownFileType = sourcecode.c.objc; path = WAAssumpViewInclude.m; sourceTree = "<group>"; };
		FAD3B37914E86D1600654BDB /* WAAssumpViewInput.m */ = {isa = PBXFileReference; fileEncoding = 4; lastKnownFileType = sourcecode.c.objc; path = WAAssumpViewInput.m; sourceTree = "<group>"; };
		FAD3B37A14E86D1600654BDB /* WAAssumpViewPicker.h */ = {isa = PBXFileReference; fileEncoding = 4; lastKnownFileType = sourcecode.c.h; path = WAAssumpViewPicker.h; sourceTree = "<group>"; };
		FAD3B37B14E86D1600654BDB /* WAAssumpViewInclude.h */ = {isa = PBXFileReference; fileEncoding = 4; lastKnownFileType = sourcecode.c.h; path = WAAssumpViewInclude.h; sourceTree = "<group>"; };
		FAD3B37C14E86D1600654BDB /* WAAssumpViewInput.h */ = {isa = PBXFileReference; fileEncoding = 4; lastKnownFileType = sourcecode.c.h; path = WAAssumpViewInput.h; sourceTree = "<group>"; };
		FAD3B38014E86D7300654BDB /* WAAssumpViewPicker.m */ = {isa = PBXFileReference; fileEncoding = 4; lastKnownFileType = sourcecode.c.objc; path = WAAssumpViewPicker.m; sourceTree = "<group>"; };
		FAE03F2514DE253D008E7023 /* WAPod.h */ = {isa = PBXFileReference; fileEncoding = 4; lastKnownFileType = sourcecode.c.h; path = WAPod.h; sourceTree = "<group>"; };
		FAE03F2614DE253D008E7023 /* WAPod.m */ = {isa = PBXFileReference; fileEncoding = 4; lastKnownFileType = sourcecode.c.objc; path = WAPod.m; sourceTree = "<group>"; };
		FAE03F2714DE253D008E7023 /* WASubPod.h */ = {isa = PBXFileReference; fileEncoding = 4; lastKnownFileType = sourcecode.c.h; path = WASubPod.h; sourceTree = "<group>"; };
		FAE03F2814DE253D008E7023 /* WASubPod.m */ = {isa = PBXFileReference; fileEncoding = 4; lastKnownFileType = sourcecode.c.objc; path = WASubPod.m; sourceTree = "<group>"; };
		FAE03F2B14DE2574008E7023 /* WAPlainText.h */ = {isa = PBXFileReference; fileEncoding = 4; lastKnownFileType = sourcecode.c.h; path = WAPlainText.h; sourceTree = "<group>"; };
		FAE03F2C14DE2574008E7023 /* WAPlainText.m */ = {isa = PBXFileReference; fileEncoding = 4; lastKnownFileType = sourcecode.c.objc; path = WAPlainText.m; sourceTree = "<group>"; };
		FAE8C50614DD97FD003DEC2A /* Wolfram.app */ = {isa = PBXFileReference; explicitFileType = wrapper.application; includeInIndex = 0; path = Wolfram.app; sourceTree = BUILT_PRODUCTS_DIR; };
		FAE8C50A14DD97FD003DEC2A /* Cocoa.framework */ = {isa = PBXFileReference; lastKnownFileType = wrapper.framework; name = Cocoa.framework; path = System/Library/Frameworks/Cocoa.framework; sourceTree = SDKROOT; };
		FAE8C50D14DD97FD003DEC2A /* AppKit.framework */ = {isa = PBXFileReference; lastKnownFileType = wrapper.framework; name = AppKit.framework; path = System/Library/Frameworks/AppKit.framework; sourceTree = SDKROOT; };
		FAE8C50E14DD97FD003DEC2A /* CoreData.framework */ = {isa = PBXFileReference; lastKnownFileType = wrapper.framework; name = CoreData.framework; path = System/Library/Frameworks/CoreData.framework; sourceTree = SDKROOT; };
		FAE8C50F14DD97FD003DEC2A /* Foundation.framework */ = {isa = PBXFileReference; lastKnownFileType = wrapper.framework; name = Foundation.framework; path = System/Library/Frameworks/Foundation.framework; sourceTree = SDKROOT; };
		FAE8C51214DD97FD003DEC2A /* Wolfram-Info.plist */ = {isa = PBXFileReference; lastKnownFileType = text.plist.xml; path = "Wolfram-Info.plist"; sourceTree = "<group>"; };
		FAE8C51414DD97FD003DEC2A /* en */ = {isa = PBXFileReference; lastKnownFileType = text.plist.strings; name = en; path = en.lproj/InfoPlist.strings; sourceTree = "<group>"; };
		FAE8C51614DD97FD003DEC2A /* main.m */ = {isa = PBXFileReference; lastKnownFileType = sourcecode.c.objc; path = main.m; sourceTree = "<group>"; };
		FAE8C51814DD97FD003DEC2A /* Wolfram-Prefix.pch */ = {isa = PBXFileReference; lastKnownFileType = sourcecode.c.h; path = "Wolfram-Prefix.pch"; sourceTree = "<group>"; };
		FAE8C51A14DD97FD003DEC2A /* en */ = {isa = PBXFileReference; lastKnownFileType = text.rtf; name = en; path = en.lproj/Credits.rtf; sourceTree = "<group>"; };
		FAE8C51C14DD97FD003DEC2A /* WAAppDelegate.h */ = {isa = PBXFileReference; lastKnownFileType = sourcecode.c.h; path = WAAppDelegate.h; sourceTree = "<group>"; };
		FAE8C51D14DD97FD003DEC2A /* WAAppDelegate.m */ = {isa = PBXFileReference; lastKnownFileType = sourcecode.c.objc; path = WAAppDelegate.m; sourceTree = "<group>"; };
		FAE8C52014DD97FD003DEC2A /* en */ = {isa = PBXFileReference; lastKnownFileType = file.xib; name = en; path = en.lproj/MainMenu.xib; sourceTree = "<group>"; };
/* End PBXFileReference section */

/* Begin PBXFrameworksBuildPhase section */
		FAE8C50314DD97FD003DEC2A /* Frameworks */ = {
			isa = PBXFrameworksBuildPhase;
			buildActionMask = 2147483647;
			files = (
				FAE8C50B14DD97FD003DEC2A /* Cocoa.framework in Frameworks */,
			);
			runOnlyForDeploymentPostprocessing = 0;
		};
/* End PBXFrameworksBuildPhase section */

/* Begin PBXGroup section */
		2E2D47F814E1B54D00EFD448 /* States */ = {
			isa = PBXGroup;
			children = (
				2E2D47FA14E1B57000EFD448 /* WAPodState.h */,
				2E2D47FB14E1B57000EFD448 /* WAPodState.m */,
				2E2D47FD14E1B58C00EFD448 /* WAPodStateList.h */,
				2E2D47FE14E1B58C00EFD448 /* WAPodStateList.m */,
			);
			path = States;
			sourceTree = "<group>";
		};
		2E2D480014E1BB8000EFD448 /* Model */ = {
			isa = PBXGroup;
			children = (
				2E2D480114E1BBB000EFD448 /* WAModel.h */,
				2E2D480214E1BBB000EFD448 /* WAModel.m */,
				FA87E44814E20A280062BF06 /* WAModelRequest.h */,
				FA87E44914E20A280062BF06 /* WAModelRequest.m */,
				FA87E43E14E203F90062BF06 /* WAModelQuery.h */,
				FA87E43F14E203F90062BF06 /* WAModelQuery.m */,
				FA87E44514E2095C0062BF06 /* WAModelPodQuery.h */,
				FA87E44614E2095C0062BF06 /* WAModelPodQuery.m */,
				FA87E44214E207B10062BF06 /* NSError+Message.h */,
				FA87E44314E207B10062BF06 /* NSError+Message.m */,
			);
			path = Model;
			sourceTree = "<group>";
		};
		FA2DE1DC14E3389200CF7DA3 /* Controller */ = {
			isa = PBXGroup;
			children = (
				FA2DE1DE14E338A100CF7DA3 /* WAController.h */,
				FA2DE1DF14E338A100CF7DA3 /* WAController.m */,
			);
			path = Controller;
			sourceTree = "<group>";
		};
		FA2DE1E114E338DE00CF7DA3 /* View */ = {
			isa = PBXGroup;
			children = (
				FAB70C4414E9E566002F74DE /* Utilities */,
				FAB3491414E701F9003AF9A4 /* Pods */,
				FAB3491314E701EA003AF9A4 /* Assumptions */,
				FA93400314E5CB5F008B3DC1 /* Events */,
				FAB3490A14E6F19E003AF9A4 /* Base Classes */,
				FAB70C3714E9DBBE002F74DE /* Info Cells */,
				FA2DE1E214E338EF00CF7DA3 /* WAView.h */,
				FA2DE1E314E338EF00CF7DA3 /* WAView.m */,
				FA2DE1EE14E364B400CF7DA3 /* WASearchCell.h */,
				FA2DE1EF14E364B400CF7DA3 /* WASearchCell.m */,
				FAB348B814E6C076003AF9A4 /* WAScrollState.h */,
				FAB348B914E6C077003AF9A4 /* WAScrollState.m */,
			);
			path = View;
			sourceTree = "<group>";
		};
		FA5D8EE014DDBB7A006C2F43 /* URL */ = {
			isa = PBXGroup;
			children = (
				FA5D8EE114DDBB7A006C2F43 /* NSString+URLCode.h */,
				FA5D8EE214DDBB7A006C2F43 /* NSString+URLCode.m */,
			);
			path = URL;
			sourceTree = "<group>";
		};
		FA5D8EE314DDBB7A006C2F43 /* Request */ = {
			isa = PBXGroup;
			children = (
				FA5D8EE614DDBB7A006C2F43 /* WARequest.h */,
				FA5D8EE714DDBB7A006C2F43 /* WARequest.m */,
				FA5D8EE414DDBB7A006C2F43 /* WAMutableRequest.h */,
				FA5D8EE514DDBB7A006C2F43 /* WAMutableRequest.m */,
				FAB3492B14E7370B003AF9A4 /* WARequestAssumption.h */,
				FAB3492C14E7370B003AF9A4 /* WARequestAssumption.m */,
			);
			path = Request;
			sourceTree = "<group>";
		};
		FA5D8EF114DDBBDA006C2F43 /* Response */ = {
			isa = PBXGroup;
			children = (
				FA933FFC14E5C9B1008B3DC1 /* Assumptions */,
				FAE03F2414DE251E008E7023 /* Pods */,
				FA5D8F1A14DDC4A6006C2F43 /* WAResponse.h */,
				FA5D8F1B14DDC4A6006C2F43 /* WAResponse.m */,
			);
			path = Response;
			sourceTree = "<group>";
		};
		FA5D8F0D14DDC494006C2F43 /* XML */ = {
			isa = PBXGroup;
			children = (
				FA5D8F0E14DDC494006C2F43 /* WAXMLDocument.h */,
				FA5D8F0F14DDC494006C2F43 /* WAXMLDocument.m */,
				FA5D8F1014DDC494006C2F43 /* WAXMLElement.h */,
				FA5D8F1114DDC494006C2F43 /* WAXMLElement.m */,
				FA5D8F1214DDC494006C2F43 /* WAXMLNode.h */,
				FA5D8F1314DDC494006C2F43 /* WAXMLNode.m */,
				FA5D8F1414DDC494006C2F43 /* WAXMLText.h */,
				FA5D8F1514DDC494006C2F43 /* WAXMLText.m */,
			);
			path = XML;
			sourceTree = "<group>";
		};
		FA933FFC14E5C9B1008B3DC1 /* Assumptions */ = {
			isa = PBXGroup;
			children = (
				FA933FFD14E5C9B1008B3DC1 /* WAAssumption.h */,
				FA933FFE14E5C9B1008B3DC1 /* WAAssumption.m */,
				FA933FFF14E5C9B1008B3DC1 /* WAAssumptionValue.h */,
				FA93400014E5C9B1008B3DC1 /* WAAssumptionValue.m */,
			);
			name = Assumptions;
			path = Pods/Assumptions;
			sourceTree = "<group>";
		};
		FA93400314E5CB5F008B3DC1 /* Events */ = {
			isa = PBXGroup;
			children = (
				FA93400414E5CB6C008B3DC1 /* WAEventManager.h */,
				FA93400514E5CB6C008B3DC1 /* WAEventManager.m */,
				FA93400714E5CB77008B3DC1 /* WAEvent.h */,
				FA93400814E5CB77008B3DC1 /* WAEvent.m */,
			);
			path = Events;
			sourceTree = "<group>";
		};
		FAB3490A14E6F19E003AF9A4 /* Base Classes */ = {
			isa = PBXGroup;
			children = (
				FAB3490D14E6F1C2003AF9A4 /* WAViewItem.h */,
				FAB3490B14E6F1C2003AF9A4 /* WAViewItem.m */,
				FAB3490E14E6F1C2003AF9A4 /* WAViewItemCell.h */,
				FAB3490C14E6F1C2003AF9A4 /* WAViewItemCell.m */,
			);
			path = "Base Classes";
			sourceTree = "<group>";
		};
		FAB3491314E701EA003AF9A4 /* Assumptions */ = {
			isa = PBXGroup;
			children = (
				FAD3B36314E860FE00654BDB /* Assumption View */,
				FAB3491F14E7021A003AF9A4 /* WAAssumptionsCell.h */,
				FAB3492614E7172F003AF9A4 /* WAAssumptionsCell.m */,
			);
			path = Assumptions;
			sourceTree = "<group>";
		};
		FAB3491414E701F9003AF9A4 /* Pods */ = {
			isa = PBXGroup;
			children = (
				FAB3491514E701F9003AF9A4 /* WADataView.h */,
				FAB3491A14E701F9003AF9A4 /* WAPodCell.h */,
				FAB3491B14E701F9003AF9A4 /* WAPodCell.m */,
				FAB3491814E701F9003AF9A4 /* WASubPodView.h */,
				FAB3491914E701F9003AF9A4 /* WASubPodView.m */,
				FAB3491614E701F9003AF9A4 /* WAImageView.h */,
				FAB3491714E701F9003AF9A4 /* WAImageView.m */,
			);
			path = Pods;
			sourceTree = "<group>";
		};
		FAB70C3714E9DBBE002F74DE /* Info Cells */ = {
			isa = PBXGroup;
			children = (
				FAB70C3914E9DBD9002F74DE /* WAErrorCell.h */,
				FAB70C3814E9DBD9002F74DE /* WAErrorCell.m */,
			);
			path = "Info Cells";
			sourceTree = "<group>";
		};
		FAB70C4414E9E566002F74DE /* Utilities */ = {
			isa = PBXGroup;
			children = (
				FAB70C4514E9E582002F74DE /* ANText */,
			);
			path = Utilities;
			sourceTree = "<group>";
		};
		FAB70C4514E9E582002F74DE /* ANText */ = {
			isa = PBXGroup;
			children = (
				FAB70C4614E9E582002F74DE /* ANTextFrame.h */,
				FAB70C4714E9E582002F74DE /* ANTextFrame.m */,
				FAB70C4814E9E582002F74DE /* ANTextLine.h */,
				FAB70C4914E9E582002F74DE /* ANTextLine.m */,
				FAB70C4A14E9E582002F74DE /* CFAttributedStringHeight.h */,
				FAB70C4B14E9E582002F74DE /* CFAttributedStringHeight.m */,
			);
			path = ANText;
			sourceTree = "<group>";
		};
		FAD3B36314E860FE00654BDB /* Assumption View */ = {
			isa = PBXGroup;
			children = (
				FAD3B37614E86CFA00654BDB /* Subclasses */,
				FAD3B37314E8619D00654BDB /* WAViewRestraints.h */,
				FAD3B37414E8619D00654BDB /* WAViewRestraints.m */,
				FAD3B36D14E8612E00654BDB /* WAAssumptionView.h */,
				FAD3B36E14E8612E00654BDB /* WAAssumptionView.m */,
			);
			path = "Assumption View";
			sourceTree = "<group>";
		};
		FAD3B37614E86CFA00654BDB /* Subclasses */ = {
			isa = PBXGroup;
			children = (
				FAD3B37A14E86D1600654BDB /* WAAssumpViewPicker.h */,
				FAD3B38014E86D7300654BDB /* WAAssumpViewPicker.m */,
				FAD3B37B14E86D1600654BDB /* WAAssumpViewInclude.h */,
				FAD3B37814E86D1600654BDB /* WAAssumpViewInclude.m */,
				FAD3B37C14E86D1600654BDB /* WAAssumpViewInput.h */,
				FAD3B37914E86D1600654BDB /* WAAssumpViewInput.m */,
			);
			path = Subclasses;
			sourceTree = "<group>";
		};
		FAE03F2414DE251E008E7023 /* Pods */ = {
			isa = PBXGroup;
			children = (
				2E2D47F814E1B54D00EFD448 /* States */,
				FAE03F2514DE253D008E7023 /* WAPod.h */,
				FAE03F2614DE253D008E7023 /* WAPod.m */,
				FAE03F2714DE253D008E7023 /* WASubPod.h */,
				FAE03F2814DE253D008E7023 /* WASubPod.m */,
				FAE03F2B14DE2574008E7023 /* WAPlainText.h */,
				FAE03F2C14DE2574008E7023 /* WAPlainText.m */,
				FA93401814E5F444008B3DC1 /* WAImage.h */,
				FA93401914E5F445008B3DC1 /* WAImage.m */,
			);
			path = Pods;
			sourceTree = "<group>";
		};
		FAE8C4FB14DD97FD003DEC2A = {
			isa = PBXGroup;
			children = (
				FAE8C51014DD97FD003DEC2A /* Wolfram */,
				FAE8C50914DD97FD003DEC2A /* Frameworks */,
				FAE8C50714DD97FD003DEC2A /* Products */,
			);
			sourceTree = "<group>";
		};
		FAE8C50714DD97FD003DEC2A /* Products */ = {
			isa = PBXGroup;
			children = (
				FAE8C50614DD97FD003DEC2A /* Wolfram.app */,
			);
			name = Products;
			sourceTree = "<group>";
		};
		FAE8C50914DD97FD003DEC2A /* Frameworks */ = {
			isa = PBXGroup;
			children = (
				FAE8C50A14DD97FD003DEC2A /* Cocoa.framework */,
				FAE8C50C14DD97FD003DEC2A /* Other Frameworks */,
			);
			name = Frameworks;
			sourceTree = "<group>";
		};
		FAE8C50C14DD97FD003DEC2A /* Other Frameworks */ = {
			isa = PBXGroup;
			children = (
				FAE8C50D14DD97FD003DEC2A /* AppKit.framework */,
				FAE8C50E14DD97FD003DEC2A /* CoreData.framework */,
				FAE8C50F14DD97FD003DEC2A /* Foundation.framework */,
			);
			name = "Other Frameworks";
			sourceTree = "<group>";
		};
		FAE8C51014DD97FD003DEC2A /* Wolfram */ = {
			isa = PBXGroup;
			children = (
				FA2DE1E114E338DE00CF7DA3 /* View */,
				FA2DE1DC14E3389200CF7DA3 /* Controller */,
				2E2D480014E1BB8000EFD448 /* Model */,
				FAE8C52714DD982F003DEC2A /* API */,
				FAE8C51C14DD97FD003DEC2A /* WAAppDelegate.h */,
				FAE8C51D14DD97FD003DEC2A /* WAAppDelegate.m */,
				FAE8C51F14DD97FD003DEC2A /* MainMenu.xib */,
				FAE8C51114DD97FD003DEC2A /* Supporting Files */,
			);
			path = Wolfram;
			sourceTree = "<group>";
		};
		FAE8C51114DD97FD003DEC2A /* Supporting Files */ = {
			isa = PBXGroup;
			children = (
				FAE8C51214DD97FD003DEC2A /* Wolfram-Info.plist */,
				FAE8C51314DD97FD003DEC2A /* InfoPlist.strings */,
				FAE8C51614DD97FD003DEC2A /* main.m */,
				FAE8C51814DD97FD003DEC2A /* Wolfram-Prefix.pch */,
				FAE8C51914DD97FD003DEC2A /* Credits.rtf */,
			);
			name = "Supporting Files";
			sourceTree = "<group>";
		};
		FAE8C52714DD982F003DEC2A /* API */ = {
			isa = PBXGroup;
			children = (
				FA5D8F0D14DDC494006C2F43 /* XML */,
				FA5D8EE014DDBB7A006C2F43 /* URL */,
				FA5D8EE314DDBB7A006C2F43 /* Request */,
				FA5D8EF114DDBBDA006C2F43 /* Response */,
			);
			path = API;
			sourceTree = "<group>";
		};
/* End PBXGroup section */

/* Begin PBXNativeTarget section */
		FAE8C50514DD97FD003DEC2A /* Wolfram */ = {
			isa = PBXNativeTarget;
			buildConfigurationList = FAE8C52414DD97FD003DEC2A /* Build configuration list for PBXNativeTarget "Wolfram" */;
			buildPhases = (
				FAE8C50214DD97FD003DEC2A /* Sources */,
				FAE8C50314DD97FD003DEC2A /* Frameworks */,
				FAE8C50414DD97FD003DEC2A /* Resources */,
			);
			buildRules = (
			);
			dependencies = (
			);
			name = Wolfram;
			productName = Wolfram;
			productReference = FAE8C50614DD97FD003DEC2A /* Wolfram.app */;
			productType = "com.apple.product-type.application";
		};
/* End PBXNativeTarget section */

/* Begin PBXProject section */
		FAE8C4FD14DD97FD003DEC2A /* Project object */ = {
			isa = PBXProject;
			attributes = {
				LastUpgradeCheck = 0420;
			};
			buildConfigurationList = FAE8C50014DD97FD003DEC2A /* Build configuration list for PBXProject "Wolfram" */;
			compatibilityVersion = "Xcode 3.2";
			developmentRegion = English;
			hasScannedForEncodings = 0;
			knownRegions = (
				en,
			);
			mainGroup = FAE8C4FB14DD97FD003DEC2A;
			productRefGroup = FAE8C50714DD97FD003DEC2A /* Products */;
			projectDirPath = "";
			projectRoot = "";
			targets = (
				FAE8C50514DD97FD003DEC2A /* Wolfram */,
			);
		};
/* End PBXProject section */

/* Begin PBXResourcesBuildPhase section */
		FAE8C50414DD97FD003DEC2A /* Resources */ = {
			isa = PBXResourcesBuildPhase;
			buildActionMask = 2147483647;
			files = (
				FAE8C51514DD97FD003DEC2A /* InfoPlist.strings in Resources */,
				FAE8C51B14DD97FD003DEC2A /* Credits.rtf in Resources */,
				FAE8C52114DD97FD003DEC2A /* MainMenu.xib in Resources */,
			);
			runOnlyForDeploymentPostprocessing = 0;
		};
/* End PBXResourcesBuildPhase section */

/* Begin PBXSourcesBuildPhase section */
		FAE8C50214DD97FD003DEC2A /* Sources */ = {
			isa = PBXSourcesBuildPhase;
			buildActionMask = 2147483647;
			files = (
				FAE8C51714DD97FD003DEC2A /* main.m in Sources */,
				FAE8C51E14DD97FD003DEC2A /* WAAppDelegate.m in Sources */,
				FA5D8EEC14DDBB7A006C2F43 /* NSString+URLCode.m in Sources */,
				FA5D8EED14DDBB7A006C2F43 /* WAMutableRequest.m in Sources */,
				FA5D8EEE14DDBB7A006C2F43 /* WARequest.m in Sources */,
				FA5D8F1614DDC494006C2F43 /* WAXMLDocument.m in Sources */,
				FA5D8F1714DDC494006C2F43 /* WAXMLElement.m in Sources */,
				FA5D8F1814DDC494006C2F43 /* WAXMLNode.m in Sources */,
				FA5D8F1914DDC494006C2F43 /* WAXMLText.m in Sources */,
				FA5D8F1C14DDC4A6006C2F43 /* WAResponse.m in Sources */,
				FAE03F2914DE253D008E7023 /* WAPod.m in Sources */,
				FAE03F2A14DE253D008E7023 /* WASubPod.m in Sources */,
				FAE03F2D14DE2574008E7023 /* WAPlainText.m in Sources */,
				2E2D47FC14E1B57000EFD448 /* WAPodState.m in Sources */,
				2E2D47FF14E1B58C00EFD448 /* WAPodStateList.m in Sources */,
				2E2D480314E1BBB000EFD448 /* WAModel.m in Sources */,
				FA87E44014E203F90062BF06 /* WAModelQuery.m in Sources */,
				FA87E44414E207B10062BF06 /* NSError+Message.m in Sources */,
				FA87E44714E2095C0062BF06 /* WAModelPodQuery.m in Sources */,
				FA87E44A14E20A290062BF06 /* WAModelRequest.m in Sources */,
				FA2DE1E014E338A100CF7DA3 /* WAController.m in Sources */,
				FA2DE1E414E338EF00CF7DA3 /* WAView.m in Sources */,
				FA2DE1F014E364B400CF7DA3 /* WASearchCell.m in Sources */,
				FA93400114E5C9B1008B3DC1 /* WAAssumption.m in Sources */,
				FA93400214E5C9B1008B3DC1 /* WAAssumptionValue.m in Sources */,
				FA93400614E5CB6C008B3DC1 /* WAEventManager.m in Sources */,
				FA93400914E5CB77008B3DC1 /* WAEvent.m in Sources */,
				FA93401A14E5F446008B3DC1 /* WAImage.m in Sources */,
				FAB348BA14E6C077003AF9A4 /* WAScrollState.m in Sources */,
				FAB3490F14E6F1C2003AF9A4 /* WAViewItem.m in Sources */,
				FAB3491014E6F1C2003AF9A4 /* WAViewItemCell.m in Sources */,
				FAB3491C14E701F9003AF9A4 /* WAImageView.m in Sources */,
				FAB3491D14E701F9003AF9A4 /* WASubPodView.m in Sources */,
				FAB3491E14E701F9003AF9A4 /* WAPodCell.m in Sources */,
				FAB3492714E71730003AF9A4 /* WAAssumptionsCell.m in Sources */,
				FAB3492D14E7370B003AF9A4 /* WARequestAssumption.m in Sources */,
				FAD3B36F14E8612E00654BDB /* WAAssumptionView.m in Sources */,
				FAD3B37514E8619D00654BDB /* WAViewRestraints.m in Sources */,
				FAD3B37E14E86D1600654BDB /* WAAssumpViewInclude.m in Sources */,
				FAD3B37F14E86D1600654BDB /* WAAssumpViewInput.m in Sources */,
				FAD3B38114E86D7300654BDB /* WAAssumpViewPicker.m in Sources */,
				FAB70C3A14E9DBD9002F74DE /* WAErrorCell.m in Sources */,
				FAB70C4C14E9E582002F74DE /* ANTextFrame.m in Sources */,
				FAB70C4D14E9E582002F74DE /* ANTextLine.m in Sources */,
				FAB70C4E14E9E582002F74DE /* CFAttributedStringHeight.m in Sources */,
			);
			runOnlyForDeploymentPostprocessing = 0;
		};
/* End PBXSourcesBuildPhase section */

/* Begin PBXVariantGroup section */
		FAE8C51314DD97FD003DEC2A /* InfoPlist.strings */ = {
			isa = PBXVariantGroup;
			children = (
				FAE8C51414DD97FD003DEC2A /* en */,
			);
			name = InfoPlist.strings;
			sourceTree = "<group>";
		};
		FAE8C51914DD97FD003DEC2A /* Credits.rtf */ = {
			isa = PBXVariantGroup;
			children = (
				FAE8C51A14DD97FD003DEC2A /* en */,
			);
			name = Credits.rtf;
			sourceTree = "<group>";
		};
		FAE8C51F14DD97FD003DEC2A /* MainMenu.xib */ = {
			isa = PBXVariantGroup;
			children = (
				FAE8C52014DD97FD003DEC2A /* en */,
			);
			name = MainMenu.xib;
			sourceTree = "<group>";
		};
/* End PBXVariantGroup section */

/* Begin XCBuildConfiguration section */
		FAE8C52214DD97FD003DEC2A /* Debug */ = {
			isa = XCBuildConfiguration;
			buildSettings = {
				ALWAYS_SEARCH_USER_PATHS = NO;
				ARCHS = "$(ARCHS_STANDARD_64_BIT)";
				CLANG_ENABLE_OBJC_ARC = YES;
				COPY_PHASE_STRIP = NO;
				GCC_C_LANGUAGE_STANDARD = gnu99;
				GCC_DYNAMIC_NO_PIC = NO;
				GCC_ENABLE_OBJC_EXCEPTIONS = YES;
				GCC_OPTIMIZATION_LEVEL = 0;
				GCC_PREPROCESSOR_DEFINITIONS = (
					"DEBUG=1",
					"$(inherited)",
				);
				GCC_SYMBOLS_PRIVATE_EXTERN = NO;
				GCC_VERSION = com.apple.compilers.llvm.clang.1_0;
				GCC_WARN_64_TO_32_BIT_CONVERSION = YES;
				GCC_WARN_ABOUT_MISSING_PROTOTYPES = YES;
				GCC_WARN_ABOUT_RETURN_TYPE = YES;
				GCC_WARN_UNUSED_VARIABLE = YES;
				MACOSX_DEPLOYMENT_TARGET = 10.7;
				ONLY_ACTIVE_ARCH = YES;
				SDKROOT = macosx;
			};
			name = Debug;
		};
		FAE8C52314DD97FD003DEC2A /* Release */ = {
			isa = XCBuildConfiguration;
			buildSettings = {
				ALWAYS_SEARCH_USER_PATHS = NO;
				ARCHS = "$(ARCHS_STANDARD_64_BIT)";
				CLANG_ENABLE_OBJC_ARC = YES;
				COPY_PHASE_STRIP = YES;
				DEBUG_INFORMATION_FORMAT = "dwarf-with-dsym";
				GCC_C_LANGUAGE_STANDARD = gnu99;
				GCC_ENABLE_OBJC_EXCEPTIONS = YES;
				GCC_VERSION = com.apple.compilers.llvm.clang.1_0;
				GCC_WARN_64_TO_32_BIT_CONVERSION = YES;
				GCC_WARN_ABOUT_MISSING_PROTOTYPES = YES;
				GCC_WARN_ABOUT_RETURN_TYPE = YES;
				GCC_WARN_UNUSED_VARIABLE = YES;
				MACOSX_DEPLOYMENT_TARGET = 10.7;
				SDKROOT = macosx;
			};
			name = Release;
		};
		FAE8C52514DD97FD003DEC2A /* Debug */ = {
			isa = XCBuildConfiguration;
			buildSettings = {
				GCC_PRECOMPILE_PREFIX_HEADER = YES;
				GCC_PREFIX_HEADER = "Wolfram/Wolfram-Prefix.pch";
				INFOPLIST_FILE = "Wolfram/Wolfram-Info.plist";
				PRODUCT_NAME = "$(TARGET_NAME)";
				WRAPPER_EXTENSION = app;
			};
			name = Debug;
		};
		FAE8C52614DD97FD003DEC2A /* Release */ = {
			isa = XCBuildConfiguration;
			buildSettings = {
				GCC_PRECOMPILE_PREFIX_HEADER = YES;
				GCC_PREFIX_HEADER = "Wolfram/Wolfram-Prefix.pch";
				INFOPLIST_FILE = "Wolfram/Wolfram-Info.plist";
				PRODUCT_NAME = "$(TARGET_NAME)";
				WRAPPER_EXTENSION = app;
			};
			name = Release;
		};
/* End XCBuildConfiguration section */

/* Begin XCConfigurationList section */
		FAE8C50014DD97FD003DEC2A /* Build configuration list for PBXProject "Wolfram" */ = {
			isa = XCConfigurationList;
			buildConfigurations = (
				FAE8C52214DD97FD003DEC2A /* Debug */,
				FAE8C52314DD97FD003DEC2A /* Release */,
			);
			defaultConfigurationIsVisible = 0;
			defaultConfigurationName = Release;
		};
		FAE8C52414DD97FD003DEC2A /* Build configuration list for PBXNativeTarget "Wolfram" */ = {
			isa = XCConfigurationList;
			buildConfigurations = (
				FAE8C52514DD97FD003DEC2A /* Debug */,
				FAE8C52614DD97FD003DEC2A /* Release */,
			);
			defaultConfigurationIsVisible = 0;
			defaultConfigurationName = Release;
		};
/* End XCConfigurationList section */
	};
	rootObject = FAE8C4FD14DD97FD003DEC2A /* Project object */;
}
